
Microsoft Visual Studio Solution File, Format Version 12.00
# Visual Studio Version 16
VisualStudioVersion = 16.0.30114.105
MinimumVisualStudioVersion = 10.0.40219.1
Project("{FAE04EC0-301F-11D3-BF4B-00C04F79EFBC}") = "BlazorWasmDemoPreLoading.Server", "BlazorWasmDemoPreLoading\Server\BlazorWasmDemoPreLoading.Server.csproj", "{9687BC13-8854-44F6-8552-6B955253E6FF}"
EndProject
Project("{FAE04EC0-301F-11D3-BF4B-00C04F79EFBC}") = "BlazorWasmDemoPreLoading.Client", "BlazorWasmDemoPreLoading\Client\BlazorWasmDemoPreLoading.Client.csproj", "{2E076A6C-0D3C-4DEA-935D-A9FA622CC75A}"
EndProject
Project("{FAE04EC0-301F-11D3-BF4B-00C04F79EFBC}") = "BlazorWasmDemoPreLoading.Shared", "BlazorWasmDemoPreLoading\Shared\BlazorWasmDemoPreLoading.Shared.csproj", "{4C628B1B-4E76-4852-9DCE-A851058BD4B8}"
EndProject
Global
	GlobalSection(SolutionConfigurationPlatforms) = preSolution
		Debug|Any CPU = Debug|Any CPU
		Release|Any CPU = Release|Any CPU
	EndGlobalSection
	GlobalSection(ProjectConfigurationPlatforms) = postSolution
		{9687BC13-8854-44F6-8552-6B955253E6FF}.Debug|Any CPU.ActiveCfg = Debug|Any CPU
		{9687BC13-8854-44F6-8552-6B955253E6FF}.Debug|Any CPU.Build.0 = Debug|Any CPU
		{9687BC13-8854-44F6-8552-6B955253E6FF}.Release|Any CPU.ActiveCfg = Release|Any CPU
		{9687BC13-8854-44F6-8552-6B955253E6FF}.Release|Any CPU.Build.0 = Release|Any CPU
		{2E076A6C-0D3C-4DEA-935D-A9FA622CC75A}.Debug|Any CPU.ActiveCfg = Debug|Any CPU
		{2E076A6C-0D3C-4DEA-935D-A9FA622CC75A}.Debug|Any CPU.Build.0 = Debug|Any CPU
		{2E076A6C-0D3C-4DEA-935D-A9FA622CC75A}.Release|Any CPU.ActiveCfg = Release|Any CPU
		{2E076A6C-0D3C-4DEA-935D-A9FA622CC75A}.Release|Any CPU.Build.0 = Release|Any CPU
		{4C628B1B-4E76-4852-9DCE-A851058BD4B8}.Debug|Any CPU.ActiveCfg = Debug|Any CPU
		{4C628B1B-4E76-4852-9DCE-A851058BD4B8}.Debug|Any CPU.Build.0 = Debug|Any CPU
		{4C628B1B-4E76-4852-9DCE-A851058BD4B8}.Release|Any CPU.ActiveCfg = Release|Any CPU
		{4C628B1B-4E76-4852-9DCE-A851058BD4B8}.Release|Any CPU.Build.0 = Release|Any CPU
	EndGlobalSection
	GlobalSection(SolutionProperties) = preSolution
		HideSolutionNode = FALSE
	EndGlobalSection
	GlobalSection(ExtensibilityGlobals) = postSolution
		SolutionGuid = {530B64AE-DF0B-4060-A411-AC7D91A945BC}
	EndGlobalSection
EndGlobal
